
Microsoft Visual Studio Solution File, Format Version 12.00
# Visual Studio Version 17
VisualStudioVersion = 17.12.35527.113 d17.12
MinimumVisualStudioVersion = 10.0.40219.1
Project("{FAE04EC0-301F-11D3-BF4B-00C04F79EFBC}") = "CaronaAppApi", "CaronaAppApi\CaronaAppApi.csproj", "{C51E0B0E-8594-4D4F-BD73-739D53689FC5}"
EndProject
Project("{FAE04EC0-301F-11D3-BF4B-00C04F79EFBC}") = "CaronaApp.Application", "CaronaApp.Application\CaronaApp.Application.csproj", "{D9231220-D664-41C1-AC25-B79BBFAD9015}"
	ProjectSection(ProjectDependencies) = postProject
		{89D12FFA-129A-4A29-B47F-A5843F05F3D1} = {89D12FFA-129A-4A29-B47F-A5843F05F3D1}
		{8F9CA8DC-1B6C-432F-B5E6-D29E2687B141} = {8F9CA8DC-1B6C-432F-B5E6-D29E2687B141}
	EndProjectSection
EndProject
Project("{FAE04EC0-301F-11D3-BF4B-00C04F79EFBC}") = "CaronaApp.Domain", "CaronaApp.Domain\CaronaApp.Domain.csproj", "{89D12FFA-129A-4A29-B47F-A5843F05F3D1}"
EndProject
Project("{FAE04EC0-301F-11D3-BF4B-00C04F79EFBC}") = "CaronaApp.Data", "CaronaApp.Data\CaronaApp.Data.csproj", "{8F9CA8DC-1B6C-432F-B5E6-D29E2687B141}"
EndProject
Global
	GlobalSection(SolutionConfigurationPlatforms) = preSolution
		Debug|Any CPU = Debug|Any CPU
		Release|Any CPU = Release|Any CPU
	EndGlobalSection
	GlobalSection(ProjectConfigurationPlatforms) = postSolution
		{C51E0B0E-8594-4D4F-BD73-739D53689FC5}.Debug|Any CPU.ActiveCfg = Debug|Any CPU
		{C51E0B0E-8594-4D4F-BD73-739D53689FC5}.Debug|Any CPU.Build.0 = Debug|Any CPU
		{C51E0B0E-8594-4D4F-BD73-739D53689FC5}.Release|Any CPU.ActiveCfg = Release|Any CPU
		{C51E0B0E-8594-4D4F-BD73-739D53689FC5}.Release|Any CPU.Build.0 = Release|Any CPU
		{D9231220-D664-41C1-AC25-B79BBFAD9015}.Debug|Any CPU.ActiveCfg = Debug|Any CPU
		{D9231220-D664-41C1-AC25-B79BBFAD9015}.Debug|Any CPU.Build.0 = Debug|Any CPU
		{D9231220-D664-41C1-AC25-B79BBFAD9015}.Release|Any CPU.ActiveCfg = Release|Any CPU
		{D9231220-D664-41C1-AC25-B79BBFAD9015}.Release|Any CPU.Build.0 = Release|Any CPU
		{89D12FFA-129A-4A29-B47F-A5843F05F3D1}.Debug|Any CPU.ActiveCfg = Debug|Any CPU
		{89D12FFA-129A-4A29-B47F-A5843F05F3D1}.Debug|Any CPU.Build.0 = Debug|Any CPU
		{89D12FFA-129A-4A29-B47F-A5843F05F3D1}.Release|Any CPU.ActiveCfg = Release|Any CPU
		{89D12FFA-129A-4A29-B47F-A5843F05F3D1}.Release|Any CPU.Build.0 = Release|Any CPU
		{8F9CA8DC-1B6C-432F-B5E6-D29E2687B141}.Debug|Any CPU.ActiveCfg = Debug|Any CPU
		{8F9CA8DC-1B6C-432F-B5E6-D29E2687B141}.Debug|Any CPU.Build.0 = Debug|Any CPU
		{8F9CA8DC-1B6C-432F-B5E6-D29E2687B141}.Release|Any CPU.ActiveCfg = Release|Any CPU
		{8F9CA8DC-1B6C-432F-B5E6-D29E2687B141}.Release|Any CPU.Build.0 = Release|Any CPU
	EndGlobalSection
	GlobalSection(SolutionProperties) = preSolution
		HideSolutionNode = FALSE
	EndGlobalSection
EndGlobal
